{
  "nodes": {
    "nixpkgs": {
      "locked": {
        "lastModified": 1613477454,
        "narHash": "sha256-XrqPa8pKHai5bFFI5T2ZkYM3hYLlJaxefd64nj2oN2Q=",
        "owner": "NixOS",
        "repo": "nixpkgs",
        "rev": "95ce0f52ec10cbfa2b72a2d8623e6a363e77e4dd",
        "type": "github"
      },
      "original": {
        "id": "nixpkgs",
        "ref": "release-20.09",
        "type": "indirect"
      }
    },
    "root": {
      "inputs": {
        "nixpkgs": "nixpkgs",
        "utils": "utils"
      }
    },
    "utils": {
      "locked": {
        "lastModified": 1610051610,
        "narHash": "sha256-U9rPz/usA1/Aohhk7Cmc2gBrEEKRzcW4nwPWMPwja4Y=",
        "owner": "numtide",
        "repo": "flake-utils",
        "rev": "3982c9903e93927c2164caa727cd3f6a0e6d14cc",
        "type": "github"
      },
      "original": {
        "owner": "numtide",
        "repo": "flake-utils",
        "type": "github"
      }
    }
  },
  "root": "root",
  "version": 7
}
